
Microsoft Visual Studio Solution File, Format Version 12.00
# Visual Studio Version 17
VisualStudioVersion = 17.7.34221.43
MinimumVisualStudioVersion = 10.0.40219.1
Project("{FAE04EC0-301F-11D3-BF4B-00C04F79EFBC}") = "IRT-Management-Project", "IRT-Management-Project\IRT-Management-Project.csproj", "{DBC77CD1-0B68-4C81-8F38-80A3D5084AD8}"
EndProject
Project("{FAE04EC0-301F-11D3-BF4B-00C04F79EFBC}") = "Components", "Components\Components.csproj", "{9380AADA-13A7-4A57-96CF-142FBAC010C5}"
EndProject
Project("{FAE04EC0-301F-11D3-BF4B-00C04F79EFBC}") = "BLL", "BLL\BLL.csproj", "{048C1D2B-6C92-41A0-A06F-32FEE5884820}"
EndProject
Project("{FAE04EC0-301F-11D3-BF4B-00C04F79EFBC}") = "DTO", "DTO\DTO.csproj", "{E58ED798-567C-4189-85FD-ADE8EF09EAA0}"
EndProject
Project("{FAE04EC0-301F-11D3-BF4B-00C04F79EFBC}") = "API", "API\API.csproj", "{46D96531-C4CF-40E8-B4CE-1CE130104468}"
EndProject
Global
	GlobalSection(SolutionConfigurationPlatforms) = preSolution
		Debug|Any CPU = Debug|Any CPU
		Release|Any CPU = Release|Any CPU
	EndGlobalSection
	GlobalSection(ProjectConfigurationPlatforms) = postSolution
		{DBC77CD1-0B68-4C81-8F38-80A3D5084AD8}.Debug|Any CPU.ActiveCfg = Debug|Any CPU
		{DBC77CD1-0B68-4C81-8F38-80A3D5084AD8}.Debug|Any CPU.Build.0 = Debug|Any CPU
		{DBC77CD1-0B68-4C81-8F38-80A3D5084AD8}.Release|Any CPU.ActiveCfg = Release|Any CPU
		{DBC77CD1-0B68-4C81-8F38-80A3D5084AD8}.Release|Any CPU.Build.0 = Release|Any CPU
		{9380AADA-13A7-4A57-96CF-142FBAC010C5}.Debug|Any CPU.ActiveCfg = Debug|Any CPU
		{9380AADA-13A7-4A57-96CF-142FBAC010C5}.Debug|Any CPU.Build.0 = Debug|Any CPU
		{9380AADA-13A7-4A57-96CF-142FBAC010C5}.Release|Any CPU.ActiveCfg = Release|Any CPU
		{9380AADA-13A7-4A57-96CF-142FBAC010C5}.Release|Any CPU.Build.0 = Release|Any CPU
		{048C1D2B-6C92-41A0-A06F-32FEE5884820}.Debug|Any CPU.ActiveCfg = Debug|Any CPU
		{048C1D2B-6C92-41A0-A06F-32FEE5884820}.Debug|Any CPU.Build.0 = Debug|Any CPU
		{048C1D2B-6C92-41A0-A06F-32FEE5884820}.Release|Any CPU.ActiveCfg = Release|Any CPU
		{048C1D2B-6C92-41A0-A06F-32FEE5884820}.Release|Any CPU.Build.0 = Release|Any CPU
		{E58ED798-567C-4189-85FD-ADE8EF09EAA0}.Debug|Any CPU.ActiveCfg = Debug|Any CPU
		{E58ED798-567C-4189-85FD-ADE8EF09EAA0}.Debug|Any CPU.Build.0 = Debug|Any CPU
		{E58ED798-567C-4189-85FD-ADE8EF09EAA0}.Release|Any CPU.ActiveCfg = Release|Any CPU
		{E58ED798-567C-4189-85FD-ADE8EF09EAA0}.Release|Any CPU.Build.0 = Release|Any CPU
		{46D96531-C4CF-40E8-B4CE-1CE130104468}.Debug|Any CPU.ActiveCfg = Debug|Any CPU
		{46D96531-C4CF-40E8-B4CE-1CE130104468}.Debug|Any CPU.Build.0 = Debug|Any CPU
		{46D96531-C4CF-40E8-B4CE-1CE130104468}.Release|Any CPU.ActiveCfg = Release|Any CPU
		{46D96531-C4CF-40E8-B4CE-1CE130104468}.Release|Any CPU.Build.0 = Release|Any CPU
	EndGlobalSection
	GlobalSection(SolutionProperties) = preSolution
		HideSolutionNode = FALSE
	EndGlobalSection
	GlobalSection(ExtensibilityGlobals) = postSolution
		SolutionGuid = {6B534281-6123-4335-A9D9-E965CD88B522}
	EndGlobalSection
EndGlobal
